
Microsoft Visual Studio Solution File, Format Version 12.00
# Visual Studio 2012
Project("{FAE04EC0-301F-11D3-BF4B-00C04F79EFBC}") = "MVVMFormsApp", "MVVMFormsApp\MVVMFormsApp.csproj", "{6A277960-A71C-4649-A4F0-76923933D753}"
EndProject
Project("{FAE04EC0-301F-11D3-BF4B-00C04F79EFBC}") = "MVVMFormsApp.iOS", "iOS\MVVMFormsApp.iOS.csproj", "{61D705C4-1EA1-463D-826C-6EB3D9F623B5}"
EndProject
Project("{FAE04EC0-301F-11D3-BF4B-00C04F79EFBC}") = "MVVMFormsApp.Droid", "Droid\MVVMFormsApp.Droid.csproj", "{FE3257D3-F312-4450-985F-E3C924A63B7C}"
EndProject
Global
	GlobalSection(SolutionConfigurationPlatforms) = preSolution
		Debug|Any CPU = Debug|Any CPU
		Release|Any CPU = Release|Any CPU
		Debug|iPhoneSimulator = Debug|iPhoneSimulator
		Release|iPhone = Release|iPhone
		Release|iPhoneSimulator = Release|iPhoneSimulator
		Debug|iPhone = Debug|iPhone
	EndGlobalSection
	GlobalSection(ProjectConfigurationPlatforms) = postSolution
		{6A277960-A71C-4649-A4F0-76923933D753}.Debug|Any CPU.ActiveCfg = Debug|Any CPU
		{6A277960-A71C-4649-A4F0-76923933D753}.Debug|Any CPU.Build.0 = Debug|Any CPU
		{6A277960-A71C-4649-A4F0-76923933D753}.Release|Any CPU.ActiveCfg = Release|Any CPU
		{6A277960-A71C-4649-A4F0-76923933D753}.Release|Any CPU.Build.0 = Release|Any CPU
		{6A277960-A71C-4649-A4F0-76923933D753}.Debug|iPhoneSimulator.ActiveCfg = Debug|Any CPU
		{6A277960-A71C-4649-A4F0-76923933D753}.Debug|iPhoneSimulator.Build.0 = Debug|Any CPU
		{6A277960-A71C-4649-A4F0-76923933D753}.Release|iPhone.ActiveCfg = Release|Any CPU
		{6A277960-A71C-4649-A4F0-76923933D753}.Release|iPhone.Build.0 = Release|Any CPU
		{6A277960-A71C-4649-A4F0-76923933D753}.Release|iPhoneSimulator.ActiveCfg = Release|Any CPU
		{6A277960-A71C-4649-A4F0-76923933D753}.Release|iPhoneSimulator.Build.0 = Release|Any CPU
		{6A277960-A71C-4649-A4F0-76923933D753}.Debug|iPhone.ActiveCfg = Debug|Any CPU
		{6A277960-A71C-4649-A4F0-76923933D753}.Debug|iPhone.Build.0 = Debug|Any CPU
		{61D705C4-1EA1-463D-826C-6EB3D9F623B5}.Debug|Any CPU.ActiveCfg = Debug|iPhoneSimulator
		{61D705C4-1EA1-463D-826C-6EB3D9F623B5}.Debug|Any CPU.Build.0 = Debug|iPhoneSimulator
		{61D705C4-1EA1-463D-826C-6EB3D9F623B5}.Release|Any CPU.ActiveCfg = Release|iPhone
		{61D705C4-1EA1-463D-826C-6EB3D9F623B5}.Release|Any CPU.Build.0 = Release|iPhone
		{61D705C4-1EA1-463D-826C-6EB3D9F623B5}.Debug|iPhoneSimulator.ActiveCfg = Debug|iPhoneSimulator
		{61D705C4-1EA1-463D-826C-6EB3D9F623B5}.Debug|iPhoneSimulator.Build.0 = Debug|iPhoneSimulator
		{61D705C4-1EA1-463D-826C-6EB3D9F623B5}.Release|iPhone.ActiveCfg = Release|iPhone
		{61D705C4-1EA1-463D-826C-6EB3D9F623B5}.Release|iPhone.Build.0 = Release|iPhone
		{61D705C4-1EA1-463D-826C-6EB3D9F623B5}.Release|iPhoneSimulator.ActiveCfg = Release|iPhoneSimulator
		{61D705C4-1EA1-463D-826C-6EB3D9F623B5}.Release|iPhoneSimulator.Build.0 = Release|iPhoneSimulator
		{61D705C4-1EA1-463D-826C-6EB3D9F623B5}.Debug|iPhone.ActiveCfg = Debug|iPhone
		{61D705C4-1EA1-463D-826C-6EB3D9F623B5}.Debug|iPhone.Build.0 = Debug|iPhone
		{FE3257D3-F312-4450-985F-E3C924A63B7C}.Debug|Any CPU.ActiveCfg = Debug|Any CPU
		{FE3257D3-F312-4450-985F-E3C924A63B7C}.Debug|Any CPU.Build.0 = Debug|Any CPU
		{FE3257D3-F312-4450-985F-E3C924A63B7C}.Release|Any CPU.ActiveCfg = Release|Any CPU
		{FE3257D3-F312-4450-985F-E3C924A63B7C}.Release|Any CPU.Build.0 = Release|Any CPU
		{FE3257D3-F312-4450-985F-E3C924A63B7C}.Debug|iPhoneSimulator.ActiveCfg = Debug|Any CPU
		{FE3257D3-F312-4450-985F-E3C924A63B7C}.Debug|iPhoneSimulator.Build.0 = Debug|Any CPU
		{FE3257D3-F312-4450-985F-E3C924A63B7C}.Release|iPhone.ActiveCfg = Release|Any CPU
		{FE3257D3-F312-4450-985F-E3C924A63B7C}.Release|iPhone.Build.0 = Release|Any CPU
		{FE3257D3-F312-4450-985F-E3C924A63B7C}.Release|iPhoneSimulator.ActiveCfg = Release|Any CPU
		{FE3257D3-F312-4450-985F-E3C924A63B7C}.Release|iPhoneSimulator.Build.0 = Release|Any CPU
		{FE3257D3-F312-4450-985F-E3C924A63B7C}.Debug|iPhone.ActiveCfg = Debug|Any CPU
		{FE3257D3-F312-4450-985F-E3C924A63B7C}.Debug|iPhone.Build.0 = Debug|Any CPU
	EndGlobalSection
EndGlobal
